
Microsoft Visual Studio Solution File, Format Version 12.00
# Visual Studio 2013
VisualStudioVersion = 12.0.30723.0
MinimumVisualStudioVersion = 10.0.40219.1
Project("{FAE04EC0-301F-11D3-BF4B-00C04F79EFBC}") = "Alpha.Scripting", "Alpha.Scripting\Alpha.Scripting.csproj", "{6E8E73CE-C2AC-4E57-81FE-431FCC733C70}"
EndProject
Project("{FAE04EC0-301F-11D3-BF4B-00C04F79EFBC}") = "Alpha.WorldGeneration", "Alpha.WorldGeneration\Alpha.WorldGeneration.csproj", "{B49A9F3C-0FEE-43C6-A7A0-C5E9D595C858}"
EndProject
Project("{FAE04EC0-301F-11D3-BF4B-00C04F79EFBC}") = "Alpha.Toolkit", "Alpha.Toolkit\Alpha.Toolkit.csproj", "{78B2A9C4-7657-4AFD-8AE8-5186237F205F}"
EndProject
Project("{FAE04EC0-301F-11D3-BF4B-00C04F79EFBC}") = "Alpha.Voronoi", "Alpha.Voronoi\Alpha.Voronoi.csproj", "{60CFD6C1-3D1C-4323-BCC4-FF6CC1FC82CF}"
EndProject
Project("{FAE04EC0-301F-11D3-BF4B-00C04F79EFBC}") = "Alpha.Core", "Alpha.Core\Alpha.Core.csproj", "{3716EDFD-B003-48FB-BD7E-020243D4E654}"
EndProject
Project("{FAE04EC0-301F-11D3-BF4B-00C04F79EFBC}") = "Alpha.AI", "Alpha.AI\Alpha.AI.csproj", "{6695750D-69E3-4842-B838-CCAECF19B916}"
EndProject
Project("{FAE04EC0-301F-11D3-BF4B-00C04F79EFBC}") = "Alpha.EntryPoint", "Alpha.EntryPoint\Alpha.EntryPoint.csproj", "{EEC90A2F-FD2C-4F61-A225-46E117E85EC8}"
EndProject
Project("{FAE04EC0-301F-11D3-BF4B-00C04F79EFBC}") = "Alpha.DirectX", "Alpha.DirectX\Alpha.DirectX.csproj", "{447484D8-C59E-41D6-A41B-AF73F8973C47}"
EndProject
Project("{FAE04EC0-301F-11D3-BF4B-00C04F79EFBC}") = "Alpha.Common", "Alpha.Common\Alpha.Common.csproj", "{7488FCB4-75B7-41E6-B8A7-B342D7396B74}"
EndProject
Global
	GlobalSection(SolutionConfigurationPlatforms) = preSolution
		Debug|Any CPU = Debug|Any CPU
		Debug|Mixed Platforms = Debug|Mixed Platforms
		Debug|x64 = Debug|x64
		Debug|x86 = Debug|x86
		Native debug|Any CPU = Native debug|Any CPU
		Native debug|Mixed Platforms = Native debug|Mixed Platforms
		Native debug|x64 = Native debug|x64
		Native debug|x86 = Native debug|x86
		Release|Any CPU = Release|Any CPU
		Release|Mixed Platforms = Release|Mixed Platforms
		Release|x64 = Release|x64
		Release|x86 = Release|x86
	EndGlobalSection
	GlobalSection(ProjectConfigurationPlatforms) = postSolution
		{6E8E73CE-C2AC-4E57-81FE-431FCC733C70}.Debug|Any CPU.ActiveCfg = Debug|Any CPU
		{6E8E73CE-C2AC-4E57-81FE-431FCC733C70}.Debug|Any CPU.Build.0 = Debug|Any CPU
		{6E8E73CE-C2AC-4E57-81FE-431FCC733C70}.Debug|Mixed Platforms.ActiveCfg = Debug|Any CPU
		{6E8E73CE-C2AC-4E57-81FE-431FCC733C70}.Debug|Mixed Platforms.Build.0 = Debug|Any CPU
		{6E8E73CE-C2AC-4E57-81FE-431FCC733C70}.Debug|x64.ActiveCfg = Debug|Any CPU
		{6E8E73CE-C2AC-4E57-81FE-431FCC733C70}.Debug|x86.ActiveCfg = Debug|Any CPU
		{6E8E73CE-C2AC-4E57-81FE-431FCC733C70}.Native debug|Any CPU.ActiveCfg = Native debug|Any CPU
		{6E8E73CE-C2AC-4E57-81FE-431FCC733C70}.Native debug|Any CPU.Build.0 = Native debug|Any CPU
		{6E8E73CE-C2AC-4E57-81FE-431FCC733C70}.Native debug|Mixed Platforms.ActiveCfg = Native debug|Any CPU
		{6E8E73CE-C2AC-4E57-81FE-431FCC733C70}.Native debug|Mixed Platforms.Build.0 = Native debug|Any CPU
		{6E8E73CE-C2AC-4E57-81FE-431FCC733C70}.Native debug|x64.ActiveCfg = Native debug|Any CPU
		{6E8E73CE-C2AC-4E57-81FE-431FCC733C70}.Native debug|x86.ActiveCfg = Native debug|Any CPU
		{6E8E73CE-C2AC-4E57-81FE-431FCC733C70}.Release|Any CPU.ActiveCfg = Release|Any CPU
		{6E8E73CE-C2AC-4E57-81FE-431FCC733C70}.Release|Any CPU.Build.0 = Release|Any CPU
		{6E8E73CE-C2AC-4E57-81FE-431FCC733C70}.Release|Mixed Platforms.ActiveCfg = Release|Any CPU
		{6E8E73CE-C2AC-4E57-81FE-431FCC733C70}.Release|Mixed Platforms.Build.0 = Release|Any CPU
		{6E8E73CE-C2AC-4E57-81FE-431FCC733C70}.Release|x64.ActiveCfg = Release|Any CPU
		{6E8E73CE-C2AC-4E57-81FE-431FCC733C70}.Release|x86.ActiveCfg = Release|Any CPU
		{B49A9F3C-0FEE-43C6-A7A0-C5E9D595C858}.Debug|Any CPU.ActiveCfg = Debug|Any CPU
		{B49A9F3C-0FEE-43C6-A7A0-C5E9D595C858}.Debug|Any CPU.Build.0 = Debug|Any CPU
		{B49A9F3C-0FEE-43C6-A7A0-C5E9D595C858}.Debug|Mixed Platforms.ActiveCfg = Debug|Any CPU
		{B49A9F3C-0FEE-43C6-A7A0-C5E9D595C858}.Debug|Mixed Platforms.Build.0 = Debug|Any CPU
		{B49A9F3C-0FEE-43C6-A7A0-C5E9D595C858}.Debug|x64.ActiveCfg = Debug|Any CPU
		{B49A9F3C-0FEE-43C6-A7A0-C5E9D595C858}.Debug|x86.ActiveCfg = Debug|Any CPU
		{B49A9F3C-0FEE-43C6-A7A0-C5E9D595C858}.Native debug|Any CPU.ActiveCfg = Native debug|Any CPU
		{B49A9F3C-0FEE-43C6-A7A0-C5E9D595C858}.Native debug|Any CPU.Build.0 = Native debug|Any CPU
		{B49A9F3C-0FEE-43C6-A7A0-C5E9D595C858}.Native debug|Mixed Platforms.ActiveCfg = Native debug|Any CPU
		{B49A9F3C-0FEE-43C6-A7A0-C5E9D595C858}.Native debug|Mixed Platforms.Build.0 = Native debug|Any CPU
		{B49A9F3C-0FEE-43C6-A7A0-C5E9D595C858}.Native debug|x64.ActiveCfg = Native debug|Any CPU
		{B49A9F3C-0FEE-43C6-A7A0-C5E9D595C858}.Native debug|x86.ActiveCfg = Native debug|Any CPU
		{B49A9F3C-0FEE-43C6-A7A0-C5E9D595C858}.Release|Any CPU.ActiveCfg = Release|Any CPU
		{B49A9F3C-0FEE-43C6-A7A0-C5E9D595C858}.Release|Any CPU.Build.0 = Release|Any CPU
		{B49A9F3C-0FEE-43C6-A7A0-C5E9D595C858}.Release|Mixed Platforms.ActiveCfg = Release|Any CPU
		{B49A9F3C-0FEE-43C6-A7A0-C5E9D595C858}.Release|Mixed Platforms.Build.0 = Release|Any CPU
		{B49A9F3C-0FEE-43C6-A7A0-C5E9D595C858}.Release|x64.ActiveCfg = Release|Any CPU
		{B49A9F3C-0FEE-43C6-A7A0-C5E9D595C858}.Release|x86.ActiveCfg = Release|Any CPU
		{78B2A9C4-7657-4AFD-8AE8-5186237F205F}.Debug|Any CPU.ActiveCfg = Debug|Any CPU
		{78B2A9C4-7657-4AFD-8AE8-5186237F205F}.Debug|Any CPU.Build.0 = Debug|Any CPU
		{78B2A9C4-7657-4AFD-8AE8-5186237F205F}.Debug|Mixed Platforms.ActiveCfg = Debug|Any CPU
		{78B2A9C4-7657-4AFD-8AE8-5186237F205F}.Debug|Mixed Platforms.Build.0 = Debug|Any CPU
		{78B2A9C4-7657-4AFD-8AE8-5186237F205F}.Debug|x64.ActiveCfg = Debug|Any CPU
		{78B2A9C4-7657-4AFD-8AE8-5186237F205F}.Debug|x86.ActiveCfg = Debug|Any CPU
		{78B2A9C4-7657-4AFD-8AE8-5186237F205F}.Native debug|Any CPU.ActiveCfg = Native debug|Any CPU
		{78B2A9C4-7657-4AFD-8AE8-5186237F205F}.Native debug|Any CPU.Build.0 = Native debug|Any CPU
		{78B2A9C4-7657-4AFD-8AE8-5186237F205F}.Native debug|Mixed Platforms.ActiveCfg = Native debug|Any CPU
		{78B2A9C4-7657-4AFD-8AE8-5186237F205F}.Native debug|Mixed Platforms.Build.0 = Native debug|Any CPU
		{78B2A9C4-7657-4AFD-8AE8-5186237F205F}.Native debug|x64.ActiveCfg = Native debug|Any CPU
		{78B2A9C4-7657-4AFD-8AE8-5186237F205F}.Native debug|x86.ActiveCfg = Native debug|Any CPU
		{78B2A9C4-7657-4AFD-8AE8-5186237F205F}.Release|Any CPU.ActiveCfg = Release|Any CPU
		{78B2A9C4-7657-4AFD-8AE8-5186237F205F}.Release|Any CPU.Build.0 = Release|Any CPU
		{78B2A9C4-7657-4AFD-8AE8-5186237F205F}.Release|Mixed Platforms.ActiveCfg = Release|Any CPU
		{78B2A9C4-7657-4AFD-8AE8-5186237F205F}.Release|Mixed Platforms.Build.0 = Release|Any CPU
		{78B2A9C4-7657-4AFD-8AE8-5186237F205F}.Release|x64.ActiveCfg = Release|Any CPU
		{78B2A9C4-7657-4AFD-8AE8-5186237F205F}.Release|x86.ActiveCfg = Release|Any CPU
		{60CFD6C1-3D1C-4323-BCC4-FF6CC1FC82CF}.Debug|Any CPU.ActiveCfg = Debug|Any CPU
		{60CFD6C1-3D1C-4323-BCC4-FF6CC1FC82CF}.Debug|Any CPU.Build.0 = Debug|Any CPU
		{60CFD6C1-3D1C-4323-BCC4-FF6CC1FC82CF}.Debug|Mixed Platforms.ActiveCfg = Debug|Any CPU
		{60CFD6C1-3D1C-4323-BCC4-FF6CC1FC82CF}.Debug|Mixed Platforms.Build.0 = Debug|Any CPU
		{60CFD6C1-3D1C-4323-BCC4-FF6CC1FC82CF}.Debug|x64.ActiveCfg = Debug|Any CPU
		{60CFD6C1-3D1C-4323-BCC4-FF6CC1FC82CF}.Debug|x86.ActiveCfg = Debug|Any CPU
		{60CFD6C1-3D1C-4323-BCC4-FF6CC1FC82CF}.Native debug|Any CPU.ActiveCfg = Native debug|Any CPU
		{60CFD6C1-3D1C-4323-BCC4-FF6CC1FC82CF}.Native debug|Any CPU.Build.0 = Native debug|Any CPU
		{60CFD6C1-3D1C-4323-BCC4-FF6CC1FC82CF}.Native debug|Mixed Platforms.ActiveCfg = Native debug|Any CPU
		{60CFD6C1-3D1C-4323-BCC4-FF6CC1FC82CF}.Native debug|Mixed Platforms.Build.0 = Native debug|Any CPU
		{60CFD6C1-3D1C-4323-BCC4-FF6CC1FC82CF}.Native debug|x64.ActiveCfg = Native debug|Any CPU
		{60CFD6C1-3D1C-4323-BCC4-FF6CC1FC82CF}.Native debug|x86.ActiveCfg = Native debug|Any CPU
		{60CFD6C1-3D1C-4323-BCC4-FF6CC1FC82CF}.Release|Any CPU.ActiveCfg = Release|Any CPU
		{60CFD6C1-3D1C-4323-BCC4-FF6CC1FC82CF}.Release|Any CPU.Build.0 = Release|Any CPU
		{60CFD6C1-3D1C-4323-BCC4-FF6CC1FC82CF}.Release|Mixed Platforms.ActiveCfg = Release|Any CPU
		{60CFD6C1-3D1C-4323-BCC4-FF6CC1FC82CF}.Release|Mixed Platforms.Build.0 = Release|Any CPU
		{60CFD6C1-3D1C-4323-BCC4-FF6CC1FC82CF}.Release|x64.ActiveCfg = Release|Any CPU
		{60CFD6C1-3D1C-4323-BCC4-FF6CC1FC82CF}.Release|x86.ActiveCfg = Release|Any CPU
		{3716EDFD-B003-48FB-BD7E-020243D4E654}.Debug|Any CPU.ActiveCfg = Debug|Any CPU
		{3716EDFD-B003-48FB-BD7E-020243D4E654}.Debug|Any CPU.Build.0 = Debug|Any CPU
		{3716EDFD-B003-48FB-BD7E-020243D4E654}.Debug|Mixed Platforms.ActiveCfg = Debug|Any CPU
		{3716EDFD-B003-48FB-BD7E-020243D4E654}.Debug|Mixed Platforms.Build.0 = Debug|Any CPU
		{3716EDFD-B003-48FB-BD7E-020243D4E654}.Debug|x64.ActiveCfg = Debug|Any CPU
		{3716EDFD-B003-48FB-BD7E-020243D4E654}.Debug|x86.ActiveCfg = Debug|Any CPU
		{3716EDFD-B003-48FB-BD7E-020243D4E654}.Native debug|Any CPU.ActiveCfg = Native debug|Any CPU
		{3716EDFD-B003-48FB-BD7E-020243D4E654}.Native debug|Any CPU.Build.0 = Native debug|Any CPU
		{3716EDFD-B003-48FB-BD7E-020243D4E654}.Native debug|Mixed Platforms.ActiveCfg = Native debug|Any CPU
		{3716EDFD-B003-48FB-BD7E-020243D4E654}.Native debug|Mixed Platforms.Build.0 = Native debug|Any CPU
		{3716EDFD-B003-48FB-BD7E-020243D4E654}.Native debug|x64.ActiveCfg = Native debug|Any CPU
		{3716EDFD-B003-48FB-BD7E-020243D4E654}.Native debug|x86.ActiveCfg = Native debug|Any CPU
		{3716EDFD-B003-48FB-BD7E-020243D4E654}.Release|Any CPU.ActiveCfg = Release|Any CPU
		{3716EDFD-B003-48FB-BD7E-020243D4E654}.Release|Any CPU.Build.0 = Release|Any CPU
		{3716EDFD-B003-48FB-BD7E-020243D4E654}.Release|Mixed Platforms.ActiveCfg = Release|Any CPU
		{3716EDFD-B003-48FB-BD7E-020243D4E654}.Release|Mixed Platforms.Build.0 = Release|Any CPU
		{3716EDFD-B003-48FB-BD7E-020243D4E654}.Release|x64.ActiveCfg = Release|Any CPU
		{3716EDFD-B003-48FB-BD7E-020243D4E654}.Release|x86.ActiveCfg = Release|Any CPU
		{6695750D-69E3-4842-B838-CCAECF19B916}.Debug|Any CPU.ActiveCfg = Debug|Any CPU
		{6695750D-69E3-4842-B838-CCAECF19B916}.Debug|Any CPU.Build.0 = Debug|Any CPU
		{6695750D-69E3-4842-B838-CCAECF19B916}.Debug|Mixed Platforms.ActiveCfg = Debug|Any CPU
		{6695750D-69E3-4842-B838-CCAECF19B916}.Debug|Mixed Platforms.Build.0 = Debug|Any CPU
		{6695750D-69E3-4842-B838-CCAECF19B916}.Debug|x64.ActiveCfg = Debug|Any CPU
		{6695750D-69E3-4842-B838-CCAECF19B916}.Debug|x86.ActiveCfg = Debug|Any CPU
		{6695750D-69E3-4842-B838-CCAECF19B916}.Native debug|Any CPU.ActiveCfg = Native debug|Any CPU
		{6695750D-69E3-4842-B838-CCAECF19B916}.Native debug|Any CPU.Build.0 = Native debug|Any CPU
		{6695750D-69E3-4842-B838-CCAECF19B916}.Native debug|Mixed Platforms.ActiveCfg = Native debug|Any CPU
		{6695750D-69E3-4842-B838-CCAECF19B916}.Native debug|Mixed Platforms.Build.0 = Native debug|Any CPU
		{6695750D-69E3-4842-B838-CCAECF19B916}.Native debug|x64.ActiveCfg = Native debug|Any CPU
		{6695750D-69E3-4842-B838-CCAECF19B916}.Native debug|x86.ActiveCfg = Native debug|Any CPU
		{6695750D-69E3-4842-B838-CCAECF19B916}.Release|Any CPU.ActiveCfg = Release|Any CPU
		{6695750D-69E3-4842-B838-CCAECF19B916}.Release|Any CPU.Build.0 = Release|Any CPU
		{6695750D-69E3-4842-B838-CCAECF19B916}.Release|Mixed Platforms.ActiveCfg = Release|Any CPU
		{6695750D-69E3-4842-B838-CCAECF19B916}.Release|Mixed Platforms.Build.0 = Release|Any CPU
		{6695750D-69E3-4842-B838-CCAECF19B916}.Release|x64.ActiveCfg = Release|Any CPU
		{6695750D-69E3-4842-B838-CCAECF19B916}.Release|x86.ActiveCfg = Release|Any CPU
		{EEC90A2F-FD2C-4F61-A225-46E117E85EC8}.Debug|Any CPU.ActiveCfg = Debug|Any CPU
		{EEC90A2F-FD2C-4F61-A225-46E117E85EC8}.Debug|Any CPU.Build.0 = Debug|Any CPU
		{EEC90A2F-FD2C-4F61-A225-46E117E85EC8}.Debug|Mixed Platforms.ActiveCfg = Debug|Any CPU
		{EEC90A2F-FD2C-4F61-A225-46E117E85EC8}.Debug|Mixed Platforms.Build.0 = Debug|Any CPU
		{EEC90A2F-FD2C-4F61-A225-46E117E85EC8}.Debug|x64.ActiveCfg = Debug|Any CPU
		{EEC90A2F-FD2C-4F61-A225-46E117E85EC8}.Debug|x86.ActiveCfg = Debug|Any CPU
		{EEC90A2F-FD2C-4F61-A225-46E117E85EC8}.Native debug|Any CPU.ActiveCfg = Native debug|Any CPU
		{EEC90A2F-FD2C-4F61-A225-46E117E85EC8}.Native debug|Any CPU.Build.0 = Native debug|Any CPU
		{EEC90A2F-FD2C-4F61-A225-46E117E85EC8}.Native debug|Mixed Platforms.ActiveCfg = Native debug|Any CPU
		{EEC90A2F-FD2C-4F61-A225-46E117E85EC8}.Native debug|Mixed Platforms.Build.0 = Native debug|Any CPU
		{EEC90A2F-FD2C-4F61-A225-46E117E85EC8}.Native debug|x64.ActiveCfg = Native debug|Any CPU
		{EEC90A2F-FD2C-4F61-A225-46E117E85EC8}.Native debug|x86.ActiveCfg = Native debug|Any CPU
		{EEC90A2F-FD2C-4F61-A225-46E117E85EC8}.Release|Any CPU.ActiveCfg = Release|Any CPU
		{EEC90A2F-FD2C-4F61-A225-46E117E85EC8}.Release|Any CPU.Build.0 = Release|Any CPU
		{EEC90A2F-FD2C-4F61-A225-46E117E85EC8}.Release|Mixed Platforms.ActiveCfg = Release|Any CPU
		{EEC90A2F-FD2C-4F61-A225-46E117E85EC8}.Release|Mixed Platforms.Build.0 = Release|Any CPU
		{EEC90A2F-FD2C-4F61-A225-46E117E85EC8}.Release|x64.ActiveCfg = Release|Any CPU
		{EEC90A2F-FD2C-4F61-A225-46E117E85EC8}.Release|x86.ActiveCfg = Release|Any CPU
		{447484D8-C59E-41D6-A41B-AF73F8973C47}.Debug|Any CPU.ActiveCfg = Debug|Any CPU
		{447484D8-C59E-41D6-A41B-AF73F8973C47}.Debug|Any CPU.Build.0 = Debug|Any CPU
		{447484D8-C59E-41D6-A41B-AF73F8973C47}.Debug|Mixed Platforms.ActiveCfg = Debug|Any CPU
		{447484D8-C59E-41D6-A41B-AF73F8973C47}.Debug|Mixed Platforms.Build.0 = Debug|Any CPU
		{447484D8-C59E-41D6-A41B-AF73F8973C47}.Debug|x64.ActiveCfg = Debug|Any CPU
		{447484D8-C59E-41D6-A41B-AF73F8973C47}.Debug|x86.ActiveCfg = Debug|Any CPU
		{447484D8-C59E-41D6-A41B-AF73F8973C47}.Native debug|Any CPU.ActiveCfg = Native debug|Any CPU
		{447484D8-C59E-41D6-A41B-AF73F8973C47}.Native debug|Any CPU.Build.0 = Native debug|Any CPU
		{447484D8-C59E-41D6-A41B-AF73F8973C47}.Native debug|Mixed Platforms.ActiveCfg = Native debug|Any CPU
		{447484D8-C59E-41D6-A41B-AF73F8973C47}.Native debug|Mixed Platforms.Build.0 = Native debug|Any CPU
		{447484D8-C59E-41D6-A41B-AF73F8973C47}.Native debug|x64.ActiveCfg = Native debug|Any CPU
		{447484D8-C59E-41D6-A41B-AF73F8973C47}.Native debug|x86.ActiveCfg = Native debug|Any CPU
		{447484D8-C59E-41D6-A41B-AF73F8973C47}.Release|Any CPU.ActiveCfg = Release|Any CPU
		{447484D8-C59E-41D6-A41B-AF73F8973C47}.Release|Any CPU.Build.0 = Release|Any CPU
		{447484D8-C59E-41D6-A41B-AF73F8973C47}.Release|Mixed Platforms.ActiveCfg = Release|Any CPU
		{447484D8-C59E-41D6-A41B-AF73F8973C47}.Release|Mixed Platforms.Build.0 = Release|Any CPU
		{447484D8-C59E-41D6-A41B-AF73F8973C47}.Release|x64.ActiveCfg = Release|Any CPU
		{447484D8-C59E-41D6-A41B-AF73F8973C47}.Release|x86.ActiveCfg = Release|Any CPU
		{7488FCB4-75B7-41E6-B8A7-B342D7396B74}.Debug|Any CPU.ActiveCfg = Debug|Any CPU
		{7488FCB4-75B7-41E6-B8A7-B342D7396B74}.Debug|Any CPU.Build.0 = Debug|Any CPU
		{7488FCB4-75B7-41E6-B8A7-B342D7396B74}.Debug|Mixed Platforms.ActiveCfg = Debug|Any CPU
		{7488FCB4-75B7-41E6-B8A7-B342D7396B74}.Debug|Mixed Platforms.Build.0 = Debug|Any CPU
		{7488FCB4-75B7-41E6-B8A7-B342D7396B74}.Debug|x64.ActiveCfg = Debug|Any CPU
		{7488FCB4-75B7-41E6-B8A7-B342D7396B74}.Debug|x86.ActiveCfg = Debug|Any CPU
		{7488FCB4-75B7-41E6-B8A7-B342D7396B74}.Native debug|Any CPU.ActiveCfg = Native debug|Any CPU
		{7488FCB4-75B7-41E6-B8A7-B342D7396B74}.Native debug|Any CPU.Build.0 = Native debug|Any CPU
		{7488FCB4-75B7-41E6-B8A7-B342D7396B74}.Native debug|Mixed Platforms.ActiveCfg = Native debug|Any CPU
		{7488FCB4-75B7-41E6-B8A7-B342D7396B74}.Native debug|Mixed Platforms.Build.0 = Native debug|Any CPU
		{7488FCB4-75B7-41E6-B8A7-B342D7396B74}.Native debug|x64.ActiveCfg = Native debug|Any CPU
		{7488FCB4-75B7-41E6-B8A7-B342D7396B74}.Native debug|x86.ActiveCfg = Native debug|Any CPU
		{7488FCB4-75B7-41E6-B8A7-B342D7396B74}.Release|Any CPU.ActiveCfg = Release|Any CPU
		{7488FCB4-75B7-41E6-B8A7-B342D7396B74}.Release|Any CPU.Build.0 = Release|Any CPU
		{7488FCB4-75B7-41E6-B8A7-B342D7396B74}.Release|Mixed Platforms.ActiveCfg = Release|Any CPU
		{7488FCB4-75B7-41E6-B8A7-B342D7396B74}.Release|Mixed Platforms.Build.0 = Release|Any CPU
		{7488FCB4-75B7-41E6-B8A7-B342D7396B74}.Release|x64.ActiveCfg = Release|Any CPU
		{7488FCB4-75B7-41E6-B8A7-B342D7396B74}.Release|x86.ActiveCfg = Release|Any CPU
	EndGlobalSection
	GlobalSection(SolutionProperties) = preSolution
		HideSolutionNode = FALSE
	EndGlobalSection
EndGlobal
